
Microsoft Visual Studio Solution File, Format Version 12.00
# Visual Studio Version 16
VisualStudioVersion = 16.0.29926.136
MinimumVisualStudioVersion = 10.0.40219.1
Project("{9A19103F-16F7-4668-BE54-9A1E7A4F7556}") = "BookStore.API", "src\BookStore.API\BookStore.API.csproj", "{E342F2A3-78D7-40BD-B250-D4FFC5FDFC97}"
EndProject
Project("{9A19103F-16F7-4668-BE54-9A1E7A4F7556}") = "BookStore.Domain", "src\BookStore.Domain\BookStore.Domain.csproj", "{0C60E914-51EA-4308-8385-361B95EDE4C0}"
EndProject
Project("{9A19103F-16F7-4668-BE54-9A1E7A4F7556}") = "BookStore.Infrastructure", "src\BookStore.Infrastructure\BookStore.Infrastructure.csproj", "{8AF90687-0933-41B7-94BC-D53DD66775A9}"
EndProject
Project("{2150E333-8FDC-42A3-9474-1A3956D46DE8}") = "tests", "tests", "{5FD11A2F-BA46-4824-9A60-83B14BFB9875}"
EndProject
Project("{9A19103F-16F7-4668-BE54-9A1E7A4F7556}") = "BookStore.Domain.Tests", "tests\BookStore.Domain.Tests\BookStore.Domain.Tests.csproj", "{0D8AC2F8-4C18-4743-AF61-B91DD1638706}"
EndProject
Project("{FAE04EC0-301F-11D3-BF4B-00C04F79EFBC}") = "BookStore.API.Tests", "BookStore.API.Tests\BookStore.API.Tests.csproj", "{67968779-1BA1-4C53-875E-FFD292F014BD}"
EndProject
Project("{FAE04EC0-301F-11D3-BF4B-00C04F79EFBC}") = "BookStore.Infrastructure.Tests", "BookStore.Infrastructure.Tests\BookStore.Infrastructure.Tests.csproj", "{B45F0C20-A3A1-4E31-939D-94B0BCCB20BA}"
EndProject
Global
	GlobalSection(SolutionConfigurationPlatforms) = preSolution
		Debug|Any CPU = Debug|Any CPU
		Release|Any CPU = Release|Any CPU
	EndGlobalSection
	GlobalSection(ProjectConfigurationPlatforms) = postSolution
		{E342F2A3-78D7-40BD-B250-D4FFC5FDFC97}.Debug|Any CPU.ActiveCfg = Debug|Any CPU
		{E342F2A3-78D7-40BD-B250-D4FFC5FDFC97}.Debug|Any CPU.Build.0 = Debug|Any CPU
		{E342F2A3-78D7-40BD-B250-D4FFC5FDFC97}.Release|Any CPU.ActiveCfg = Release|Any CPU
		{E342F2A3-78D7-40BD-B250-D4FFC5FDFC97}.Release|Any CPU.Build.0 = Release|Any CPU
		{0C60E914-51EA-4308-8385-361B95EDE4C0}.Debug|Any CPU.ActiveCfg = Debug|Any CPU
		{0C60E914-51EA-4308-8385-361B95EDE4C0}.Debug|Any CPU.Build.0 = Debug|Any CPU
		{0C60E914-51EA-4308-8385-361B95EDE4C0}.Release|Any CPU.ActiveCfg = Release|Any CPU
		{0C60E914-51EA-4308-8385-361B95EDE4C0}.Release|Any CPU.Build.0 = Release|Any CPU
		{8AF90687-0933-41B7-94BC-D53DD66775A9}.Debug|Any CPU.ActiveCfg = Debug|Any CPU
		{8AF90687-0933-41B7-94BC-D53DD66775A9}.Debug|Any CPU.Build.0 = Debug|Any CPU
		{8AF90687-0933-41B7-94BC-D53DD66775A9}.Release|Any CPU.ActiveCfg = Release|Any CPU
		{8AF90687-0933-41B7-94BC-D53DD66775A9}.Release|Any CPU.Build.0 = Release|Any CPU
		{0D8AC2F8-4C18-4743-AF61-B91DD1638706}.Debug|Any CPU.ActiveCfg = Debug|Any CPU
		{0D8AC2F8-4C18-4743-AF61-B91DD1638706}.Debug|Any CPU.Build.0 = Debug|Any CPU
		{0D8AC2F8-4C18-4743-AF61-B91DD1638706}.Release|Any CPU.ActiveCfg = Release|Any CPU
		{0D8AC2F8-4C18-4743-AF61-B91DD1638706}.Release|Any CPU.Build.0 = Release|Any CPU
		{67968779-1BA1-4C53-875E-FFD292F014BD}.Debug|Any CPU.ActiveCfg = Debug|Any CPU
		{67968779-1BA1-4C53-875E-FFD292F014BD}.Debug|Any CPU.Build.0 = Debug|Any CPU
		{67968779-1BA1-4C53-875E-FFD292F014BD}.Release|Any CPU.ActiveCfg = Release|Any CPU
		{67968779-1BA1-4C53-875E-FFD292F014BD}.Release|Any CPU.Build.0 = Release|Any CPU
		{B45F0C20-A3A1-4E31-939D-94B0BCCB20BA}.Debug|Any CPU.ActiveCfg = Debug|Any CPU
		{B45F0C20-A3A1-4E31-939D-94B0BCCB20BA}.Debug|Any CPU.Build.0 = Debug|Any CPU
		{B45F0C20-A3A1-4E31-939D-94B0BCCB20BA}.Release|Any CPU.ActiveCfg = Release|Any CPU
		{B45F0C20-A3A1-4E31-939D-94B0BCCB20BA}.Release|Any CPU.Build.0 = Release|Any CPU
	EndGlobalSection
	GlobalSection(SolutionProperties) = preSolution
		HideSolutionNode = FALSE
	EndGlobalSection
	GlobalSection(NestedProjects) = preSolution
		{0D8AC2F8-4C18-4743-AF61-B91DD1638706} = {5FD11A2F-BA46-4824-9A60-83B14BFB9875}
		{67968779-1BA1-4C53-875E-FFD292F014BD} = {5FD11A2F-BA46-4824-9A60-83B14BFB9875}
		{B45F0C20-A3A1-4E31-939D-94B0BCCB20BA} = {5FD11A2F-BA46-4824-9A60-83B14BFB9875}
	EndGlobalSection
	GlobalSection(ExtensibilityGlobals) = postSolution
		SolutionGuid = {D3F14C1C-87E2-459E-915C-DF1298AFF6C3}
	EndGlobalSection
EndGlobal
