
Microsoft Visual Studio Solution File, Format Version 12.00
# Visual Studio Version 16
VisualStudioVersion = 16.0.29926.136
MinimumVisualStudioVersion = 10.0.40219.1
Project("{FAE04EC0-301F-11D3-BF4B-00C04F79EFBC}") = "BookStore.API", "src\BookStore.API\BookStore.API.csproj", "{E342F2A3-78D7-40BD-B250-D4FFC5FDFC97}"
EndProject
Project("{FAE04EC0-301F-11D3-BF4B-00C04F79EFBC}") = "BookStore.Domain", "src\BookStore.Domain\BookStore.Domain.csproj", "{0C60E914-51EA-4308-8385-361B95EDE4C0}"
EndProject
Project("{FAE04EC0-301F-11D3-BF4B-00C04F79EFBC}") = "BookStore.Infrastructure", "src\BookStore.Infrastructure\BookStore.Infrastructure.csproj", "{8AF90687-0933-41B7-94BC-D53DD66775A9}"
EndProject
Global
	GlobalSection(SolutionConfigurationPlatforms) = preSolution
		Debug|Any CPU = Debug|Any CPU
		Release|Any CPU = Release|Any CPU
	EndGlobalSection
	GlobalSection(ProjectConfigurationPlatforms) = postSolution
		{E342F2A3-78D7-40BD-B250-D4FFC5FDFC97}.Debug|Any CPU.ActiveCfg = Debug|Any CPU
		{E342F2A3-78D7-40BD-B250-D4FFC5FDFC97}.Debug|Any CPU.Build.0 = Debug|Any CPU
		{E342F2A3-78D7-40BD-B250-D4FFC5FDFC97}.Release|Any CPU.ActiveCfg = Release|Any CPU
		{E342F2A3-78D7-40BD-B250-D4FFC5FDFC97}.Release|Any CPU.Build.0 = Release|Any CPU
		{0C60E914-51EA-4308-8385-361B95EDE4C0}.Debug|Any CPU.ActiveCfg = Debug|Any CPU
		{0C60E914-51EA-4308-8385-361B95EDE4C0}.Debug|Any CPU.Build.0 = Debug|Any CPU
		{0C60E914-51EA-4308-8385-361B95EDE4C0}.Release|Any CPU.ActiveCfg = Release|Any CPU
		{0C60E914-51EA-4308-8385-361B95EDE4C0}.Release|Any CPU.Build.0 = Release|Any CPU
		{8AF90687-0933-41B7-94BC-D53DD66775A9}.Debug|Any CPU.ActiveCfg = Debug|Any CPU
		{8AF90687-0933-41B7-94BC-D53DD66775A9}.Debug|Any CPU.Build.0 = Debug|Any CPU
		{8AF90687-0933-41B7-94BC-D53DD66775A9}.Release|Any CPU.ActiveCfg = Release|Any CPU
		{8AF90687-0933-41B7-94BC-D53DD66775A9}.Release|Any CPU.Build.0 = Release|Any CPU
	EndGlobalSection
	GlobalSection(SolutionProperties) = preSolution
		HideSolutionNode = FALSE
	EndGlobalSection
	GlobalSection(ExtensibilityGlobals) = postSolution
		SolutionGuid = {D3F14C1C-87E2-459E-915C-DF1298AFF6C3}
	EndGlobalSection
EndGlobal
